// !$*UTF8*$!
{
	archiveVersion = 1;
	classes = {
	};
	objectVersion = 48;
	objects = {

/* Begin PBXBuildFile section */
		FAEB39491FDC4A2B00A53B7A /* MGNetwork.framework in Frameworks */ = {isa = PBXBuildFile; fileRef = FAEB393F1FDC4A2B00A53B7A /* MGNetwork.framework */; };
		FAEB394E1FDC4A2B00A53B7A /* MGNetworkTests.m in Sources */ = {isa = PBXBuildFile; fileRef = FAEB394D1FDC4A2B00A53B7A /* MGNetworkTests.m */; };
		FAEB39501FDC4A2B00A53B7A /* MGNetwork.h in Headers */ = {isa = PBXBuildFile; fileRef = FAEB39421FDC4A2B00A53B7A /* MGNetwork.h */; settings = {ATTRIBUTES = (Public, ); }; };
		FAEB395B1FDC4A5200A53B7A /* MGNetworkDownloader.h in Headers */ = {isa = PBXBuildFile; fileRef = FAEB39591FDC4A5200A53B7A /* MGNetworkDownloader.h */; settings = {ATTRIBUTES = (Public, ); }; };
		FAEB395C1FDC4A5200A53B7A /* MGNetworkDownloader.m in Sources */ = {isa = PBXBuildFile; fileRef = FAEB395A1FDC4A5200A53B7A /* MGNetworkDownloader.m */; };
		FAEB39951FDC4E2500A53B7A /* MGURLRequest.h in Headers */ = {isa = PBXBuildFile; fileRef = FAEB39911FDC4E2400A53B7A /* MGURLRequest.h */; };
		FAEB39961FDC4E2500A53B7A /* NSDictionary+encoding.h in Headers */ = {isa = PBXBuildFile; fileRef = FAEB39921FDC4E2400A53B7A /* NSDictionary+encoding.h */; };
		FAEB39971FDC4E2500A53B7A /* NSDictionary+encoding.m in Sources */ = {isa = PBXBuildFile; fileRef = FAEB39931FDC4E2500A53B7A /* NSDictionary+encoding.m */; };
		FAEB39981FDC4E2500A53B7A /* NSDictionary+encoding.m in Sources */ = {isa = PBXBuildFile; fileRef = FAEB39931FDC4E2500A53B7A /* NSDictionary+encoding.m */; };
		FAEB39991FDC4E2500A53B7A /* MGURLRequest.m in Sources */ = {isa = PBXBuildFile; fileRef = FAEB39941FDC4E2500A53B7A /* MGURLRequest.m */; };
		FAEB399A1FDC4E2500A53B7A /* MGURLRequest.m in Sources */ = {isa = PBXBuildFile; fileRef = FAEB39941FDC4E2500A53B7A /* MGURLRequest.m */; };
/* End PBXBuildFile section */

/* Begin PBXContainerItemProxy section */
		FAEB394A1FDC4A2B00A53B7A /* PBXContainerItemProxy */ = {
			isa = PBXContainerItemProxy;
			containerPortal = FAEB39361FDC4A2B00A53B7A /* Project object */;
			proxyType = 1;
			remoteGlobalIDString = FAEB393E1FDC4A2B00A53B7A;
			remoteInfo = MGNetwork;
		};
/* End PBXContainerItemProxy section */

/* Begin PBXFileReference section */
		FAEB393F1FDC4A2B00A53B7A /* MGNetwork.framework */ = {isa = PBXFileReference; explicitFileType = wrapper.framework; includeInIndex = 0; path = MGNetwork.framework; sourceTree = BUILT_PRODUCTS_DIR; };
		FAEB39421FDC4A2B00A53B7A /* MGNetwork.h */ = {isa = PBXFileReference; lastKnownFileType = sourcecode.c.h; path = MGNetwork.h; sourceTree = "<group>"; };
		FAEB39431FDC4A2B00A53B7A /* Info.plist */ = {isa = PBXFileReference; lastKnownFileType = text.plist.xml; path = Info.plist; sourceTree = "<group>"; };
		FAEB39481FDC4A2B00A53B7A /* MGNetworkTests.xctest */ = {isa = PBXFileReference; explicitFileType = wrapper.cfbundle; includeInIndex = 0; path = MGNetworkTests.xctest; sourceTree = BUILT_PRODUCTS_DIR; };
		FAEB394D1FDC4A2B00A53B7A /* MGNetworkTests.m */ = {isa = PBXFileReference; lastKnownFileType = sourcecode.c.objc; path = MGNetworkTests.m; sourceTree = "<group>"; };
		FAEB394F1FDC4A2B00A53B7A /* Info.plist */ = {isa = PBXFileReference; lastKnownFileType = text.plist.xml; path = Info.plist; sourceTree = "<group>"; };
		FAEB39591FDC4A5200A53B7A /* MGNetworkDownloader.h */ = {isa = PBXFileReference; lastKnownFileType = sourcecode.c.h; path = MGNetworkDownloader.h; sourceTree = "<group>"; };
		FAEB395A1FDC4A5200A53B7A /* MGNetworkDownloader.m */ = {isa = PBXFileReference; lastKnownFileType = sourcecode.c.objc; path = MGNetworkDownloader.m; sourceTree = "<group>"; };
		FAEB39911FDC4E2400A53B7A /* MGURLRequest.h */ = {isa = PBXFileReference; fileEncoding = 4; lastKnownFileType = sourcecode.c.h; path = MGURLRequest.h; sourceTree = "<group>"; };
		FAEB39921FDC4E2400A53B7A /* NSDictionary+encoding.h */ = {isa = PBXFileReference; fileEncoding = 4; lastKnownFileType = sourcecode.c.h; path = "NSDictionary+encoding.h"; sourceTree = "<group>"; };
		FAEB39931FDC4E2500A53B7A /* NSDictionary+encoding.m */ = {isa = PBXFileReference; fileEncoding = 4; lastKnownFileType = sourcecode.c.objc; path = "NSDictionary+encoding.m"; sourceTree = "<group>"; };
		FAEB39941FDC4E2500A53B7A /* MGURLRequest.m */ = {isa = PBXFileReference; fileEncoding = 4; lastKnownFileType = sourcecode.c.objc; path = MGURLRequest.m; sourceTree = "<group>"; };
/* End PBXFileReference section */

/* Begin PBXFrameworksBuildPhase section */
		FAEB393B1FDC4A2B00A53B7A /* Frameworks */ = {
			isa = PBXFrameworksBuildPhase;
			buildActionMask = 2147483647;
			files = (
			);
			runOnlyForDeploymentPostprocessing = 0;
		};
		FAEB39451FDC4A2B00A53B7A /* Frameworks */ = {
			isa = PBXFrameworksBuildPhase;
			buildActionMask = 2147483647;
			files = (
				FAEB39491FDC4A2B00A53B7A /* MGNetwork.framework in Frameworks */,
			);
			runOnlyForDeploymentPostprocessing = 0;
		};
/* End PBXFrameworksBuildPhase section */

/* Begin PBXGroup section */
		FAEB39351FDC4A2B00A53B7A = {
			isa = PBXGroup;
			children = (
				FAEB39411FDC4A2B00A53B7A /* MGNetwork */,
				FAEB394C1FDC4A2B00A53B7A /* MGNetworkTests */,
				FAEB39401FDC4A2B00A53B7A /* Products */,
			);
			sourceTree = "<group>";
		};
		FAEB39401FDC4A2B00A53B7A /* Products */ = {
			isa = PBXGroup;
			children = (
				FAEB393F1FDC4A2B00A53B7A /* MGNetwork.framework */,
				FAEB39481FDC4A2B00A53B7A /* MGNetworkTests.xctest */,
			);
			name = Products;
			sourceTree = "<group>";
		};
		FAEB39411FDC4A2B00A53B7A /* MGNetwork */ = {
			isa = PBXGroup;
			children = (
				FAEB39421FDC4A2B00A53B7A /* MGNetwork.h */,
				FAEB39591FDC4A5200A53B7A /* MGNetworkDownloader.h */,
				FAEB395A1FDC4A5200A53B7A /* MGNetworkDownloader.m */,
				FAEB39911FDC4E2400A53B7A /* MGURLRequest.h */,
				FAEB39941FDC4E2500A53B7A /* MGURLRequest.m */,
				FAEB39921FDC4E2400A53B7A /* NSDictionary+encoding.h */,
				FAEB39931FDC4E2500A53B7A /* NSDictionary+encoding.m */,
				FAEB39431FDC4A2B00A53B7A /* Info.plist */,
			);
			path = MGNetwork;
			sourceTree = "<group>";
		};
		FAEB394C1FDC4A2B00A53B7A /* MGNetworkTests */ = {
			isa = PBXGroup;
			children = (
				FAEB394D1FDC4A2B00A53B7A /* MGNetworkTests.m */,
				FAEB394F1FDC4A2B00A53B7A /* Info.plist */,
			);
			path = MGNetworkTests;
			sourceTree = "<group>";
		};
/* End PBXGroup section */

/* Begin PBXHeadersBuildPhase section */
		FAEB393C1FDC4A2B00A53B7A /* Headers */ = {
			isa = PBXHeadersBuildPhase;
			buildActionMask = 2147483647;
			files = (
				FAEB39951FDC4E2500A53B7A /* MGURLRequest.h in Headers */,
				FAEB395B1FDC4A5200A53B7A /* MGNetworkDownloader.h in Headers */,
				FAEB39961FDC4E2500A53B7A /* NSDictionary+encoding.h in Headers */,
				FAEB39501FDC4A2B00A53B7A /* MGNetwork.h in Headers */,
			);
			runOnlyForDeploymentPostprocessing = 0;
		};
/* End PBXHeadersBuildPhase section */

/* Begin PBXNativeTarget section */
		FAEB393E1FDC4A2B00A53B7A /* MGNetwork */ = {
			isa = PBXNativeTarget;
			buildConfigurationList = FAEB39531FDC4A2B00A53B7A /* Build configuration list for PBXNativeTarget "MGNetwork" */;
			buildPhases = (
				FAEB393A1FDC4A2B00A53B7A /* Sources */,
				FAEB393B1FDC4A2B00A53B7A /* Frameworks */,
				FAEB393C1FDC4A2B00A53B7A /* Headers */,
				FAEB393D1FDC4A2B00A53B7A /* Resources */,
			);
			buildRules = (
			);
			dependencies = (
			);
			name = MGNetwork;
			productName = MGNetwork;
			productReference = FAEB393F1FDC4A2B00A53B7A /* MGNetwork.framework */;
			productType = "com.apple.product-type.framework";
		};
		FAEB39471FDC4A2B00A53B7A /* MGNetworkTests */ = {
			isa = PBXNativeTarget;
			buildConfigurationList = FAEB39561FDC4A2B00A53B7A /* Build configuration list for PBXNativeTarget "MGNetworkTests" */;
			buildPhases = (
				FAEB39441FDC4A2B00A53B7A /* Sources */,
				FAEB39451FDC4A2B00A53B7A /* Frameworks */,
				FAEB39461FDC4A2B00A53B7A /* Resources */,
			);
			buildRules = (
			);
			dependencies = (
				FAEB394B1FDC4A2B00A53B7A /* PBXTargetDependency */,
			);
			name = MGNetworkTests;
			productName = MGNetworkTests;
			productReference = FAEB39481FDC4A2B00A53B7A /* MGNetworkTests.xctest */;
			productType = "com.apple.product-type.bundle.unit-test";
		};
/* End PBXNativeTarget section */

/* Begin PBXProject section */
		FAEB39361FDC4A2B00A53B7A /* Project object */ = {
			isa = PBXProject;
			attributes = {
				LastUpgradeCheck = 0910;
				ORGANIZATIONNAME = "Mohammed ElGohary";
				TargetAttributes = {
					FAEB393E1FDC4A2B00A53B7A = {
						CreatedOnToolsVersion = 9.1;
						ProvisioningStyle = Automatic;
					};
					FAEB39471FDC4A2B00A53B7A = {
						CreatedOnToolsVersion = 9.1;
						ProvisioningStyle = Automatic;
					};
				};
			};
			buildConfigurationList = FAEB39391FDC4A2B00A53B7A /* Build configuration list for PBXProject "MGNetwork" */;
			compatibilityVersion = "Xcode 8.0";
			developmentRegion = en;
			hasScannedForEncodings = 0;
			knownRegions = (
				en,
			);
			mainGroup = FAEB39351FDC4A2B00A53B7A;
			productRefGroup = FAEB39401FDC4A2B00A53B7A /* Products */;
			projectDirPath = "";
			projectRoot = "";
			targets = (
				FAEB393E1FDC4A2B00A53B7A /* MGNetwork */,
				FAEB39471FDC4A2B00A53B7A /* MGNetworkTests */,
			);
		};
/* End PBXProject section */

/* Begin PBXResourcesBuildPhase section */
		FAEB393D1FDC4A2B00A53B7A /* Resources */ = {
			isa = PBXResourcesBuildPhase;
			buildActionMask = 2147483647;
			files = (
			);
			runOnlyForDeploymentPostprocessing = 0;
		};
		FAEB39461FDC4A2B00A53B7A /* Resources */ = {
			isa = PBXResourcesBuildPhase;
			buildActionMask = 2147483647;
			files = (
			);
			runOnlyForDeploymentPostprocessing = 0;
		};
/* End PBXResourcesBuildPhase section */

/* Begin PBXSourcesBuildPhase section */
		FAEB393A1FDC4A2B00A53B7A /* Sources */ = {
			isa = PBXSourcesBuildPhase;
			buildActionMask = 2147483647;
			files = (
				FAEB395C1FDC4A5200A53B7A /* MGNetworkDownloader.m in Sources */,
				FAEB39991FDC4E2500A53B7A /* MGURLRequest.m in Sources */,
				FAEB39971FDC4E2500A53B7A /* NSDictionary+encoding.m in Sources */,
			);
			runOnlyForDeploymentPostprocessing = 0;
		};
		FAEB39441FDC4A2B00A53B7A /* Sources */ = {
			isa = PBXSourcesBuildPhase;
			buildActionMask = 2147483647;
			files = (
				FAEB394E1FDC4A2B00A53B7A /* MGNetworkTests.m in Sources */,
				FAEB399A1FDC4E2500A53B7A /* MGURLRequest.m in Sources */,
				FAEB39981FDC4E2500A53B7A /* NSDictionary+encoding.m in Sources */,
			);
			runOnlyForDeploymentPostprocessing = 0;
		};
/* End PBXSourcesBuildPhase section */

/* Begin PBXTargetDependency section */
		FAEB394B1FDC4A2B00A53B7A /* PBXTargetDependency */ = {
			isa = PBXTargetDependency;
			target = FAEB393E1FDC4A2B00A53B7A /* MGNetwork */;
			targetProxy = FAEB394A1FDC4A2B00A53B7A /* PBXContainerItemProxy */;
		};
/* End PBXTargetDependency section */

/* Begin XCBuildConfiguration section */
		FAEB39511FDC4A2B00A53B7A /* Debug */ = {
			isa = XCBuildConfiguration;
			buildSettings = {
				ALWAYS_SEARCH_USER_PATHS = NO;
				CLANG_ANALYZER_NONNULL = YES;
				CLANG_ANALYZER_NUMBER_OBJECT_CONVERSION = YES_AGGRESSIVE;
				CLANG_CXX_LANGUAGE_STANDARD = "gnu++14";
				CLANG_CXX_LIBRARY = "libc++";
				CLANG_ENABLE_MODULES = YES;
				CLANG_ENABLE_OBJC_ARC = YES;
				CLANG_WARN_BLOCK_CAPTURE_AUTORELEASING = YES;
				CLANG_WARN_BOOL_CONVERSION = YES;
				CLANG_WARN_COMMA = YES;
				CLANG_WARN_CONSTANT_CONVERSION = YES;
				CLANG_WARN_DIRECT_OBJC_ISA_USAGE = YES_ERROR;
				CLANG_WARN_DOCUMENTATION_COMMENTS = YES;
				CLANG_WARN_EMPTY_BODY = YES;
				CLANG_WARN_ENUM_CONVERSION = YES;
				CLANG_WARN_INFINITE_RECURSION = YES;
				CLANG_WARN_INT_CONVERSION = YES;
				CLANG_WARN_NON_LITERAL_NULL_CONVERSION = YES;
				CLANG_WARN_OBJC_LITERAL_CONVERSION = YES;
				CLANG_WARN_OBJC_ROOT_CLASS = YES_ERROR;
				CLANG_WARN_RANGE_LOOP_ANALYSIS = YES;
				CLANG_WARN_STRICT_PROTOTYPES = YES;
				CLANG_WARN_SUSPICIOUS_MOVE = YES;
				CLANG_WARN_UNGUARDED_AVAILABILITY = YES_AGGRESSIVE;
				CLANG_WARN_UNREACHABLE_CODE = YES;
				CLANG_WARN__DUPLICATE_METHOD_MATCH = YES;
				CODE_SIGN_IDENTITY = "iPhone Developer";
				COPY_PHASE_STRIP = NO;
				CURRENT_PROJECT_VERSION = 1;
				DEBUG_INFORMATION_FORMAT = dwarf;
				ENABLE_STRICT_OBJC_MSGSEND = YES;
				ENABLE_TESTABILITY = YES;
				GCC_C_LANGUAGE_STANDARD = gnu11;
				GCC_DYNAMIC_NO_PIC = NO;
				GCC_NO_COMMON_BLOCKS = YES;
				GCC_OPTIMIZATION_LEVEL = 0;
				GCC_PREPROCESSOR_DEFINITIONS = (
					"DEBUG=1",
					"$(inherited)",
				);
				GCC_WARN_64_TO_32_BIT_CONVERSION = YES;
				GCC_WARN_ABOUT_RETURN_TYPE = YES_ERROR;
				GCC_WARN_UNDECLARED_SELECTOR = YES;
				GCC_WARN_UNINITIALIZED_AUTOS = YES_AGGRESSIVE;
				GCC_WARN_UNUSED_FUNCTION = YES;
				GCC_WARN_UNUSED_VARIABLE = YES;
				IPHONEOS_DEPLOYMENT_TARGET = 11.1;
				MTL_ENABLE_DEBUG_INFO = YES;
				ONLY_ACTIVE_ARCH = YES;
				SDKROOT = iphoneos;
				VERSIONING_SYSTEM = "apple-generic";
				VERSION_INFO_PREFIX = "";
			};
			name = Debug;
		};
		FAEB39521FDC4A2B00A53B7A /* Release */ = {
			isa = XCBuildConfiguration;
			buildSettings = {
				ALWAYS_SEARCH_USER_PATHS = NO;
				CLANG_ANALYZER_NONNULL = YES;
				CLANG_ANALYZER_NUMBER_OBJECT_CONVERSION = YES_AGGRESSIVE;
				CLANG_CXX_LANGUAGE_STANDARD = "gnu++14";
				CLANG_CXX_LIBRARY = "libc++";
				CLANG_ENABLE_MODULES = YES;
				CLANG_ENABLE_OBJC_ARC = YES;
				CLANG_WARN_BLOCK_CAPTURE_AUTORELEASING = YES;
				CLANG_WARN_BOOL_CONVERSION = YES;
				CLANG_WARN_COMMA = YES;
				CLANG_WARN_CONSTANT_CONVERSION = YES;
				CLANG_WARN_DIRECT_OBJC_ISA_USAGE = YES_ERROR;
				CLANG_WARN_DOCUMENTATION_COMMENTS = YES;
				CLANG_WARN_EMPTY_BODY = YES;
				CLANG_WARN_ENUM_CONVERSION = YES;
				CLANG_WARN_INFINITE_RECURSION = YES;
				CLANG_WARN_INT_CONVERSION = YES;
				CLANG_WARN_NON_LITERAL_NULL_CONVERSION = YES;
				CLANG_WARN_OBJC_LITERAL_CONVERSION = YES;
				CLANG_WARN_OBJC_ROOT_CLASS = YES_ERROR;
				CLANG_WARN_RANGE_LOOP_ANALYSIS = YES;
				CLANG_WARN_STRICT_PROTOTYPES = YES;
				CLANG_WARN_SUSPICIOUS_MOVE = YES;
				CLANG_WARN_UNGUARDED_AVAILABILITY = YES_AGGRESSIVE;
				CLANG_WARN_UNREACHABLE_CODE = YES;
				CLANG_WARN__DUPLICATE_METHOD_MATCH = YES;
				CODE_SIGN_IDENTITY = "iPhone Developer";
				COPY_PHASE_STRIP = NO;
				CURRENT_PROJECT_VERSION = 1;
				DEBUG_INFORMATION_FORMAT = "dwarf-with-dsym";
				ENABLE_NS_ASSERTIONS = NO;
				ENABLE_STRICT_OBJC_MSGSEND = YES;
				GCC_C_LANGUAGE_STANDARD = gnu11;
				GCC_NO_COMMON_BLOCKS = YES;
				GCC_WARN_64_TO_32_BIT_CONVERSION = YES;
				GCC_WARN_ABOUT_RETURN_TYPE = YES_ERROR;
				GCC_WARN_UNDECLARED_SELECTOR = YES;
				GCC_WARN_UNINITIALIZED_AUTOS = YES_AGGRESSIVE;
				GCC_WARN_UNUSED_FUNCTION = YES;
				GCC_WARN_UNUSED_VARIABLE = YES;
				IPHONEOS_DEPLOYMENT_TARGET = 11.1;
				MTL_ENABLE_DEBUG_INFO = NO;
				SDKROOT = iphoneos;
				VALIDATE_PRODUCT = YES;
				VERSIONING_SYSTEM = "apple-generic";
				VERSION_INFO_PREFIX = "";
			};
			name = Release;
		};
		FAEB39541FDC4A2B00A53B7A /* Debug */ = {
			isa = XCBuildConfiguration;
			buildSettings = {
				CODE_SIGN_IDENTITY = "";
				CODE_SIGN_STYLE = Automatic;
				DEFINES_MODULE = YES;
				DEVELOPMENT_TEAM = VJM7JRY6GL;
				DYLIB_COMPATIBILITY_VERSION = 1;
				DYLIB_CURRENT_VERSION = 1;
				DYLIB_INSTALL_NAME_BASE = "@rpath";
				INFOPLIST_FILE = MGNetwork/Info.plist;
				INSTALL_PATH = "$(LOCAL_LIBRARY_DIR)/Frameworks";
				LD_RUNPATH_SEARCH_PATHS = "$(inherited) @executable_path/Frameworks @loader_path/Frameworks";
				PRODUCT_BUNDLE_IDENTIFIER = com.gohary.MGNetwork;
				PRODUCT_NAME = "$(TARGET_NAME:c99extidentifier)";
				SKIP_INSTALL = YES;
				TARGETED_DEVICE_FAMILY = "1,2";
			};
			name = Debug;
		};
		FAEB39551FDC4A2B00A53B7A /* Release */ = {
			isa = XCBuildConfiguration;
			buildSettings = {
				CODE_SIGN_IDENTITY = "";
				CODE_SIGN_STYLE = Automatic;
				DEFINES_MODULE = YES;
				DEVELOPMENT_TEAM = VJM7JRY6GL;
				DYLIB_COMPATIBILITY_VERSION = 1;
				DYLIB_CURRENT_VERSION = 1;
				DYLIB_INSTALL_NAME_BASE = "@rpath";
				INFOPLIST_FILE = MGNetwork/Info.plist;
				INSTALL_PATH = "$(LOCAL_LIBRARY_DIR)/Frameworks";
				LD_RUNPATH_SEARCH_PATHS = "$(inherited) @executable_path/Frameworks @loader_path/Frameworks";
				PRODUCT_BUNDLE_IDENTIFIER = com.gohary.MGNetwork;
				PRODUCT_NAME = "$(TARGET_NAME:c99extidentifier)";
				SKIP_INSTALL = YES;
				TARGETED_DEVICE_FAMILY = "1,2";
			};
			name = Release;
		};
		FAEB39571FDC4A2B00A53B7A /* Debug */ = {
			isa = XCBuildConfiguration;
			buildSettings = {
				CODE_SIGN_STYLE = Automatic;
				DEVELOPMENT_TEAM = VJM7JRY6GL;
				INFOPLIST_FILE = MGNetworkTests/Info.plist;
				LD_RUNPATH_SEARCH_PATHS = "$(inherited) @executable_path/Frameworks @loader_path/Frameworks";
				PRODUCT_BUNDLE_IDENTIFIER = com.gohary.MGNetworkTests;
				PRODUCT_NAME = "$(TARGET_NAME)";
				TARGETED_DEVICE_FAMILY = "1,2";
			};
			name = Debug;
		};
		FAEB39581FDC4A2B00A53B7A /* Release */ = {
			isa = XCBuildConfiguration;
			buildSettings = {
				CODE_SIGN_STYLE = Automatic;
				DEVELOPMENT_TEAM = VJM7JRY6GL;
				INFOPLIST_FILE = MGNetworkTests/Info.plist;
				LD_RUNPATH_SEARCH_PATHS = "$(inherited) @executable_path/Frameworks @loader_path/Frameworks";
				PRODUCT_BUNDLE_IDENTIFIER = com.gohary.MGNetworkTests;
				PRODUCT_NAME = "$(TARGET_NAME)";
				TARGETED_DEVICE_FAMILY = "1,2";
			};
			name = Release;
		};
/* End XCBuildConfiguration section */

/* Begin XCConfigurationList section */
		FAEB39391FDC4A2B00A53B7A /* Build configuration list for PBXProject "MGNetwork" */ = {
			isa = XCConfigurationList;
			buildConfigurations = (
				FAEB39511FDC4A2B00A53B7A /* Debug */,
				FAEB39521FDC4A2B00A53B7A /* Release */,
			);
			defaultConfigurationIsVisible = 0;
			defaultConfigurationName = Release;
		};
		FAEB39531FDC4A2B00A53B7A /* Build configuration list for PBXNativeTarget "MGNetwork" */ = {
			isa = XCConfigurationList;
			buildConfigurations = (
				FAEB39541FDC4A2B00A53B7A /* Debug */,
				FAEB39551FDC4A2B00A53B7A /* Release */,
			);
			defaultConfigurationIsVisible = 0;
			defaultConfigurationName = Release;
		};
		FAEB39561FDC4A2B00A53B7A /* Build configuration list for PBXNativeTarget "MGNetworkTests" */ = {
			isa = XCConfigurationList;
			buildConfigurations = (
				FAEB39571FDC4A2B00A53B7A /* Debug */,
				FAEB39581FDC4A2B00A53B7A /* Release */,
			);
			defaultConfigurationIsVisible = 0;
			defaultConfigurationName = Release;
		};
/* End XCConfigurationList section */
	};
	rootObject = FAEB39361FDC4A2B00A53B7A /* Project object */;
}
